{
  "nodes": {
    "_1password-shell-plugins": {
      "inputs": {
        "nixpkgs": [
          "nixpkgs"
        ],
        "systems": [
          "systems"
        ]
      },
      "locked": {
        "lastModified": 1758059320,
        "narHash": "sha256-AHApYsv1naeYF04TwTRnWm0rjBDQ2NWclQx7yF120XY=",
        "owner": "jbhannah",
        "repo": "shell-plugins",
        "rev": "3e4042e91f3f912fbc6f1c56ef9bf42c5c255eac",
        "type": "github"
      },
      "original": {
        "owner": "jbhannah",
        "ref": "trunk",
        "repo": "shell-plugins",
        "type": "github"
      }
    },
    "agenix": {
      "inputs": {
        "darwin": [
          "nix-darwin"
        ],
        "home-manager": [
          "home-manager"
        ],
        "nixpkgs": [
          "nixpkgs"
        ],
        "systems": [
          "systems"
        ]
      },
      "locked": {
        "lastModified": 1770165109,
        "narHash": "sha256-9VnK6Oqai65puVJ4WYtCTvlJeXxMzAp/69HhQuTdl/I=",
        "owner": "ryantm",
        "repo": "agenix",
        "rev": "b027ee29d959fda4b60b57566d64c98a202e0feb",
        "type": "github"
      },
      "original": {
        "owner": "ryantm",
        "repo": "agenix",
        "type": "github"
      }
    },
    "blueprint": {
      "inputs": {
        "nixpkgs": [
          "llm-agents",
          "nixpkgs"
        ],
        "systems": "systems"
      },
      "locked": {
        "lastModified": 1771437256,
        "narHash": "sha256-bLqwib+rtyBRRVBWhMuBXPCL/OThfokA+j6+uH7jDGU=",
        "owner": "numtide",
        "repo": "blueprint",
        "rev": "06ee7190dc2620ea98af9eb225aa9627b68b0e33",
        "type": "github"
      },
      "original": {
        "owner": "numtide",
        "repo": "blueprint",
        "type": "github"
      }
    },
    "brew-src": {
      "flake": false,
      "locked": {
        "lastModified": 1769363988,
        "narHash": "sha256-BiGPeulrDVetXP+tjxhMcGLUROZAtZIhU5m4MqawCfM=",
        "owner": "Homebrew",
        "repo": "brew",
        "rev": "d01011cac6d72032c75fd2cd9489909e95d9faf2",
        "type": "github"
      },
      "original": {
        "owner": "Homebrew",
        "ref": "5.0.12",
        "repo": "brew",
        "type": "github"
      }
    },
    "catppuccin": {
      "inputs": {
        "nixpkgs": [
          "nixpkgs"
        ]
      },
      "locked": {
        "lastModified": 1772153824,
        "narHash": "sha256-T65qXmlcD9qFpPTi+mOXsn4dIkO2N8Ls67nqmuzepv0=",
        "owner": "catppuccin",
        "repo": "nix",
        "rev": "4b0f5b7bf7b3eeb484d49524f3c9791864ab9362",
        "type": "github"
      },
      "original": {
        "owner": "catppuccin",
        "repo": "nix",
        "type": "github"
      }
    },
    "home-manager": {
      "inputs": {
        "nixpkgs": [
          "nixpkgs"
        ]
      },
      "locked": {
        "lastModified": 1772330611,
        "narHash": "sha256-UZjPc/d5XRxvjDbk4veAO4XFdvx6BUum2l40V688Xq8=",
        "owner": "nix-community",
        "repo": "home-manager",
        "rev": "58fd7ff0eec2cda43e705c4c0585729ec471d400",
        "type": "github"
      },
      "original": {
        "owner": "nix-community",
        "repo": "home-manager",
        "type": "github"
      }
    },
    "homebrew-cask": {
      "flake": false,
      "locked": {
        "lastModified": 1772331064,
        "narHash": "sha256-KOghyzqanccurEvKE5fxfPeMsIOdvYHogdrm0+237mg=",
        "owner": "Homebrew",
        "repo": "homebrew-cask",
        "rev": "5dee5a3cb7cd0a33f95020dc9854f5364147d6a4",
        "type": "github"
      },
      "original": {
        "owner": "Homebrew",
        "repo": "homebrew-cask",
        "type": "github"
      }
    },
    "homebrew-core": {
      "flake": false,
      "locked": {
        "lastModified": 1772330881,
        "narHash": "sha256-BRXiH0Qi5DN/RUAvqF3yCk2R9Irpp7ktH6YUnfQauD0=",
        "owner": "Homebrew",
        "repo": "homebrew-core",
        "rev": "b82061ff5483bd5f72614dac3f7bf403af54bb53",
        "type": "github"
      },
      "original": {
        "owner": "Homebrew",
        "repo": "homebrew-core",
        "type": "github"
      }
    },
    "homebrew-pkpw": {
      "flake": false,
      "locked": {
        "lastModified": 1770102920,
        "narHash": "sha256-JKnRcsPqr45UUpIZQfsem7bcDblrwj2H4000kd2e1SU=",
        "owner": "jbhannah",
        "repo": "pkpw",
        "rev": "28ac12d74af91aea0480cb877a4b366578bf4cf6",
        "type": "github"
      },
      "original": {
        "owner": "jbhannah",
        "repo": "pkpw",
        "type": "github"
      }
    },
    "llm-agents": {
      "inputs": {
        "blueprint": "blueprint",
        "nixpkgs": "nixpkgs",
        "treefmt-nix": "treefmt-nix"
      },
      "locked": {
        "lastModified": 1772328903,
        "narHash": "sha256-1f5WHVW5jwO0TEBZNIK3GkgkwTqBaUFrNCf0WQ4/sM8=",
        "owner": "numtide",
        "repo": "llm-agents.nix",
        "rev": "45656c46d998310ea6306a0036d581bf77091213",
        "type": "github"
      },
      "original": {
        "owner": "numtide",
        "repo": "llm-agents.nix",
        "type": "github"
      }
    },
    "nix-darwin": {
      "inputs": {
        "nixpkgs": [
          "nixpkgs"
        ]
      },
      "locked": {
        "lastModified": 1771992996,
        "narHash": "sha256-Y/ijH/unOPxzUicbla6yT/14RJgubUWnY2I2A6Ast2Q=",
        "owner": "nix-darwin",
        "repo": "nix-darwin",
        "rev": "3bfa436c1975674ca465ce34586467be301ff509",
        "type": "github"
      },
      "original": {
        "owner": "nix-darwin",
        "ref": "master",
        "repo": "nix-darwin",
        "type": "github"
      }
    },
    "nix-homebrew": {
      "inputs": {
        "brew-src": "brew-src"
      },
      "locked": {
        "lastModified": 1769437432,
        "narHash": "sha256-8d7KnCpT2LweRvSzZYEGd9IM3eFX+A78opcnDM0+ndk=",
        "owner": "zhaofengli",
        "repo": "nix-homebrew",
        "rev": "a5409abd0d5013d79775d3419bcac10eacb9d8c5",
        "type": "github"
      },
      "original": {
        "owner": "zhaofengli",
        "repo": "nix-homebrew",
        "type": "github"
      }
    },
    "nixpkgs": {
      "locked": {
        "lastModified": 1771423170,
        "narHash": "sha256-K7Dg9TQ0mOcAtWTO/FX/FaprtWQ8BmEXTpLIaNRhEwU=",
        "owner": "NixOS",
        "repo": "nixpkgs",
        "rev": "bcc4a9d9533c033d806a46b37dc444f9b0da49dd",
        "type": "github"
      },
      "original": {
        "owner": "NixOS",
        "ref": "nixpkgs-unstable",
        "repo": "nixpkgs",
        "type": "github"
      }
    },
    "nixpkgs-mongodb-7_0_21": {
      "locked": {
        "lastModified": 1754766485,
        "narHash": "sha256-xe4CLKAM5/NHmXlDYj8yWg95asA82XSa+ZnYitum5XE=",
        "owner": "NixOS",
        "repo": "nixpkgs",
        "rev": "50d5614029a8afcbdff6dc1663dd428eafb752f4",
        "type": "github"
      },
      "original": {
        "owner": "NixOS",
        "repo": "nixpkgs",
        "rev": "50d5614029a8afcbdff6dc1663dd428eafb752f4",
        "type": "github"
      }
    },
    "nixpkgs_2": {
      "locked": {
        "lastModified": 1772173633,
        "narHash": "sha256-MOH58F4AIbCkh6qlQcwMycyk5SWvsqnS/TCfnqDlpj4=",
        "owner": "NixOS",
        "repo": "nixpkgs",
        "rev": "c0f3d81a7ddbc2b1332be0d8481a672b4f6004d6",
        "type": "github"
      },
      "original": {
        "owner": "NixOS",
        "ref": "nixpkgs-unstable",
        "repo": "nixpkgs",
        "type": "github"
      }
    },
    "root": {
      "inputs": {
        "_1password-shell-plugins": "_1password-shell-plugins",
        "agenix": "agenix",
        "catppuccin": "catppuccin",
        "home-manager": "home-manager",
        "homebrew-cask": "homebrew-cask",
        "homebrew-core": "homebrew-core",
        "homebrew-pkpw": "homebrew-pkpw",
        "llm-agents": "llm-agents",
        "nix-darwin": "nix-darwin",
        "nix-homebrew": "nix-homebrew",
        "nixpkgs": "nixpkgs_2",
        "nixpkgs-mongodb-7_0_21": "nixpkgs-mongodb-7_0_21",
        "systems": "systems_2"
      }
    },
    "systems": {
      "locked": {
        "lastModified": 1681028828,
        "narHash": "sha256-Vy1rq5AaRuLzOxct8nz4T6wlgyUR7zLU309k9mBC768=",
        "owner": "nix-systems",
        "repo": "default",
        "rev": "da67096a3b9bf56a91d16901293e51ba5b49a27e",
        "type": "github"
      },
      "original": {
        "owner": "nix-systems",
        "repo": "default",
        "type": "github"
      }
    },
    "systems_2": {
      "locked": {
        "lastModified": 1681028828,
        "narHash": "sha256-Vy1rq5AaRuLzOxct8nz4T6wlgyUR7zLU309k9mBC768=",
        "owner": "nix-systems",
        "repo": "default",
        "rev": "da67096a3b9bf56a91d16901293e51ba5b49a27e",
        "type": "github"
      },
      "original": {
        "owner": "nix-systems",
        "repo": "default",
        "type": "github"
      }
    },
    "treefmt-nix": {
      "inputs": {
        "nixpkgs": [
          "llm-agents",
          "nixpkgs"
        ]
      },
      "locked": {
        "lastModified": 1770228511,
        "narHash": "sha256-wQ6NJSuFqAEmIg2VMnLdCnUc0b7vslUohqqGGD+Fyxk=",
        "owner": "numtide",
        "repo": "treefmt-nix",
        "rev": "337a4fe074be1042a35086f15481d763b8ddc0e7",
        "type": "github"
      },
      "original": {
        "owner": "numtide",
        "repo": "treefmt-nix",
        "type": "github"
      }
    }
  },
  "root": "root",
  "version": 7
}
