{
  "nodes": {
    "_1password-shell-plugins": {
      "inputs": {
        "nixpkgs": [
          "nixpkgs-unstable"
        ],
        "systems": [
          "systems"
        ]
      },
      "locked": {
        "lastModified": 1758059320,
        "narHash": "sha256-AHApYsv1naeYF04TwTRnWm0rjBDQ2NWclQx7yF120XY=",
        "owner": "jbhannah",
        "repo": "shell-plugins",
        "rev": "3e4042e91f3f912fbc6f1c56ef9bf42c5c255eac",
        "type": "github"
      },
      "original": {
        "owner": "jbhannah",
        "ref": "trunk",
        "repo": "shell-plugins",
        "type": "github"
      }
    },
    "agenix": {
      "inputs": {
        "darwin": [],
        "home-manager": [
          "home-manager-25-05"
        ],
        "nixpkgs": [
          "nixpkgs-25-05"
        ],
        "systems": [
          "systems"
        ]
      },
      "locked": {
        "lastModified": 1754433428,
        "narHash": "sha256-NA/FT2hVhKDftbHSwVnoRTFhes62+7dxZbxj5Gxvghs=",
        "owner": "ryantm",
        "repo": "agenix",
        "rev": "9edb1787864c4f59ae5074ad498b6272b3ec308d",
        "type": "github"
      },
      "original": {
        "owner": "ryantm",
        "repo": "agenix",
        "type": "github"
      }
    },
    "brew-src": {
      "flake": false,
      "locked": {
        "lastModified": 1758543057,
        "narHash": "sha256-lw3V2jOGYphUFHYQ5oARcb6urlbNpUCLJy1qhsGdUmc=",
        "owner": "Homebrew",
        "repo": "brew",
        "rev": "5b236456eb93133c2bd0d60ef35ed63f1c0712f6",
        "type": "github"
      },
      "original": {
        "owner": "Homebrew",
        "ref": "4.6.12",
        "repo": "brew",
        "type": "github"
      }
    },
    "catppuccin-25-05": {
      "inputs": {
        "nixpkgs": [
          "nixpkgs-25-05"
        ]
      },
      "locked": {
        "lastModified": 1754766435,
        "narHash": "sha256-DT8CQoqV2haX+Fo16WXAt9gKCSXOZH9ZfnV++Br+qcM=",
        "owner": "catppuccin",
        "repo": "nix",
        "rev": "e339d6d822fa81c39d1ab89694b4ee2cfc830c9a",
        "type": "github"
      },
      "original": {
        "owner": "catppuccin",
        "ref": "release-25.05",
        "repo": "nix",
        "type": "github"
      }
    },
    "catppuccin-unstable": {
      "inputs": {
        "nixpkgs": [
          "nixpkgs-unstable"
        ]
      },
      "locked": {
        "lastModified": 1760692571,
        "narHash": "sha256-SgqC+B7F7hHDKug+zRUL83vhibCSknzhRl0+OxUYjn4=",
        "owner": "catppuccin",
        "repo": "nix",
        "rev": "8a084b86b6a4b2a1575e8cc67e07c4a687fce276",
        "type": "github"
      },
      "original": {
        "owner": "catppuccin",
        "repo": "nix",
        "type": "github"
      }
    },
    "home-manager-25-05": {
      "inputs": {
        "nixpkgs": [
          "nixpkgs-25-05"
        ]
      },
      "locked": {
        "lastModified": 1758463745,
        "narHash": "sha256-uhzsV0Q0I9j2y/rfweWeGif5AWe0MGrgZ/3TjpDYdGA=",
        "owner": "nix-community",
        "repo": "home-manager",
        "rev": "3b955f5f0a942f9f60cdc9cacb7844335d0f21c3",
        "type": "github"
      },
      "original": {
        "owner": "nix-community",
        "ref": "release-25.05",
        "repo": "home-manager",
        "type": "github"
      }
    },
    "home-manager-unstable": {
      "inputs": {
        "nixpkgs": [
          "nixpkgs-unstable"
        ]
      },
      "locked": {
        "lastModified": 1760809591,
        "narHash": "sha256-OxGcFcQdfOK8veZkPdQuqXIotFYiy4sBQB58dMNLeHY=",
        "owner": "nix-community",
        "repo": "home-manager",
        "rev": "870883ba11ba1c84f756c0c1f9fa74cdb2a16c1e",
        "type": "github"
      },
      "original": {
        "owner": "nix-community",
        "repo": "home-manager",
        "type": "github"
      }
    },
    "homebrew-cask": {
      "flake": false,
      "locked": {
        "lastModified": 1760828133,
        "narHash": "sha256-rBT4GhwH/sc2um3pFLAUAaMwptmJdqlpggPyII4pJa0=",
        "owner": "Homebrew",
        "repo": "homebrew-cask",
        "rev": "143ba4dc6a58a4f1c062fa162dc290e924df861f",
        "type": "github"
      },
      "original": {
        "owner": "Homebrew",
        "repo": "homebrew-cask",
        "type": "github"
      }
    },
    "homebrew-core": {
      "flake": false,
      "locked": {
        "lastModified": 1760831399,
        "narHash": "sha256-n4IyAVIXDq8L2B5SEg2INv0qhbw1cLIXZIP37Ekd2GU=",
        "owner": "Homebrew",
        "repo": "homebrew-core",
        "rev": "157a26b69ee180ea9426e2e6d80fc154311293aa",
        "type": "github"
      },
      "original": {
        "owner": "Homebrew",
        "repo": "homebrew-core",
        "type": "github"
      }
    },
    "homebrew-oven-sh-bun": {
      "flake": false,
      "locked": {
        "lastModified": 1760128803,
        "narHash": "sha256-ufQcxwFYKMfGTsbL9MC70Sm0f9T/tB/gcec06ODeXhM=",
        "owner": "oven-sh",
        "repo": "homebrew-bun",
        "rev": "1ee0d3ca43ed417e6dfc81f15134fbf66d7c0972",
        "type": "github"
      },
      "original": {
        "owner": "oven-sh",
        "repo": "homebrew-bun",
        "type": "github"
      }
    },
    "homebrew-pkpw": {
      "flake": false,
      "locked": {
        "lastModified": 1759430464,
        "narHash": "sha256-wutHdU29+6QUcwFc6nCLmJGBEWs74A0LLILptVdZeik=",
        "owner": "jbhannah",
        "repo": "pkpw",
        "rev": "b89c565f5c6ba0acdede79b6c644056a4799a95c",
        "type": "github"
      },
      "original": {
        "owner": "jbhannah",
        "repo": "pkpw",
        "type": "github"
      }
    },
    "homebrew-youtube-music": {
      "flake": false,
      "locked": {
        "lastModified": 1758483973,
        "narHash": "sha256-7rcUremYRB9JsqaY6SyRfXk1GnrTfyJjYUi0fDiI5Sk=",
        "owner": "th-ch",
        "repo": "homebrew-youtube-music",
        "rev": "b87d9c3dfa2ec58c182b6bfda182ccbdc58beb5c",
        "type": "github"
      },
      "original": {
        "owner": "th-ch",
        "repo": "homebrew-youtube-music",
        "type": "github"
      }
    },
    "nix-darwin": {
      "inputs": {
        "nixpkgs": [
          "nixpkgs-unstable"
        ]
      },
      "locked": {
        "lastModified": 1760721282,
        "narHash": "sha256-aAHphQbU9t/b2RRy2Eb8oMv+I08isXv2KUGFAFn7nCo=",
        "owner": "nix-darwin",
        "repo": "nix-darwin",
        "rev": "c3211fcd0c56c11ff110d346d4487b18f7365168",
        "type": "github"
      },
      "original": {
        "owner": "nix-darwin",
        "ref": "master",
        "repo": "nix-darwin",
        "type": "github"
      }
    },
    "nix-homebrew": {
      "inputs": {
        "brew-src": "brew-src"
      },
      "locked": {
        "lastModified": 1758598228,
        "narHash": "sha256-qr60maXGbZ4FX5tejPRI3nr0bnRTnZ3AbbbfO6/6jq4=",
        "owner": "zhaofengli",
        "repo": "nix-homebrew",
        "rev": "f36e5db56e117f7df701ab152d0d2036ea85218c",
        "type": "github"
      },
      "original": {
        "owner": "zhaofengli",
        "repo": "nix-homebrew",
        "type": "github"
      }
    },
    "nixpkgs-25-05": {
      "locked": {
        "lastModified": 1760580664,
        "narHash": "sha256-/YdfibIrnqXAL8p5kqCU345mzpHoOtuVIkMiI2pF4Dc=",
        "owner": "NixOS",
        "repo": "nixpkgs",
        "rev": "98ff3f9af2684f6136c24beef08f5e2033fc5389",
        "type": "github"
      },
      "original": {
        "owner": "NixOS",
        "ref": "nixos-25.05",
        "repo": "nixpkgs",
        "type": "github"
      }
    },
    "nixpkgs-unstable": {
      "locked": {
        "lastModified": 1760596604,
        "narHash": "sha256-J/i5K6AAz/y5dBePHQOuzC7MbhyTOKsd/GLezSbEFiM=",
        "owner": "NixOS",
        "repo": "nixpkgs",
        "rev": "3cbe716e2346710d6e1f7c559363d14e11c32a43",
        "type": "github"
      },
      "original": {
        "owner": "NixOS",
        "ref": "nixpkgs-unstable",
        "repo": "nixpkgs",
        "type": "github"
      }
    },
    "root": {
      "inputs": {
        "_1password-shell-plugins": "_1password-shell-plugins",
        "agenix": "agenix",
        "catppuccin-25-05": "catppuccin-25-05",
        "catppuccin-unstable": "catppuccin-unstable",
        "home-manager-25-05": "home-manager-25-05",
        "home-manager-unstable": "home-manager-unstable",
        "homebrew-cask": "homebrew-cask",
        "homebrew-core": "homebrew-core",
        "homebrew-oven-sh-bun": "homebrew-oven-sh-bun",
        "homebrew-pkpw": "homebrew-pkpw",
        "homebrew-youtube-music": "homebrew-youtube-music",
        "nix-darwin": "nix-darwin",
        "nix-homebrew": "nix-homebrew",
        "nixpkgs-25-05": "nixpkgs-25-05",
        "nixpkgs-unstable": "nixpkgs-unstable",
        "systems": "systems"
      }
    },
    "systems": {
      "locked": {
        "lastModified": 1681028828,
        "narHash": "sha256-Vy1rq5AaRuLzOxct8nz4T6wlgyUR7zLU309k9mBC768=",
        "owner": "nix-systems",
        "repo": "default",
        "rev": "da67096a3b9bf56a91d16901293e51ba5b49a27e",
        "type": "github"
      },
      "original": {
        "owner": "nix-systems",
        "repo": "default",
        "type": "github"
      }
    }
  },
  "root": "root",
  "version": 7
}
